<Solution>
  <Folder Name="/HR-AUTOMATION/">
    <Project Path="HR-AUTOMATION.Application/HR-AUTOMATION.Application.csproj" />
    <Project Path="HR-AUTOMATION.Domain/HR-AUTOMATION.Domain.csproj" />
    <Project Path="HR-AUTOMATION.Infrastructure/HR-AUTOMATION.Infrastructure.csproj" />
  </Folder>
  <Project Path="HR-AUTOMATION-API/HR-AUTOMATION-API.csproj" />
  <Project Path="Shared.Kernel/Shared.Kernel.csproj" />
</Solution>
